// !$*UTF8*$!
{
	archiveVersion = 1;
	classes = {
	};
	objectVersion = 50;
	objects = {

/* Begin PBXBuildFile section */
		ECA8B1BF24E669C900FC859F /* AppDelegate.swift in Sources */ = {isa = PBXBuildFile; fileRef = ECA8B1BE24E669C900FC859F /* AppDelegate.swift */; };
		ECA8B1C124E669C900FC859F /* SceneDelegate.swift in Sources */ = {isa = PBXBuildFile; fileRef = ECA8B1C024E669C900FC859F /* SceneDelegate.swift */; };
		ECA8B1C324E669C900FC859F /* ViewController.swift in Sources */ = {isa = PBXBuildFile; fileRef = ECA8B1C224E669C900FC859F /* ViewController.swift */; };
		ECA8B1C624E669C900FC859F /* Main.storyboard in Resources */ = {isa = PBXBuildFile; fileRef = ECA8B1C424E669C900FC859F /* Main.storyboard */; };
		ECA8B1C824E669CA00FC859F /* Assets.xcassets in Resources */ = {isa = PBXBuildFile; fileRef = ECA8B1C724E669CA00FC859F /* Assets.xcassets */; };
		ECA8B1CB24E669CA00FC859F /* LaunchScreen.storyboard in Resources */ = {isa = PBXBuildFile; fileRef = ECA8B1C924E669CA00FC859F /* LaunchScreen.storyboard */; };
/* End PBXBuildFile section */

/* Begin PBXFileReference section */
		ECA8B1BB24E669C900FC859F /* FlowExample001.app */ = {isa = PBXFileReference; explicitFileType = wrapper.application; includeInIndex = 0; path = FlowExample001.app; sourceTree = BUILT_PRODUCTS_DIR; };
		ECA8B1BE24E669C900FC859F /* AppDelegate.swift */ = {isa = PBXFileReference; lastKnownFileType = sourcecode.swift; path = AppDelegate.swift; sourceTree = "<group>"; };
		ECA8B1C024E669C900FC859F /* SceneDelegate.swift */ = {isa = PBXFileReference; lastKnownFileType = sourcecode.swift; path = SceneDelegate.swift; sourceTree = "<group>"; };
		ECA8B1C224E669C900FC859F /* ViewController.swift */ = {isa = PBXFileReference; lastKnownFileType = sourcecode.swift; path = ViewController.swift; sourceTree = "<group>"; };
		ECA8B1C524E669C900FC859F /* Base */ = {isa = PBXFileReference; lastKnownFileType = file.storyboard; name = Base; path = Base.lproj/Main.storyboard; sourceTree = "<group>"; };
		ECA8B1C724E669CA00FC859F /* Assets.xcassets */ = {isa = PBXFileReference; lastKnownFileType = folder.assetcatalog; path = Assets.xcassets; sourceTree = "<group>"; };
		ECA8B1CA24E669CA00FC859F /* Base */ = {isa = PBXFileReference; lastKnownFileType = file.storyboard; name = Base; path = Base.lproj/LaunchScreen.storyboard; sourceTree = "<group>"; };
		ECA8B1CC24E669CB00FC859F /* Info.plist */ = {isa = PBXFileReference; lastKnownFileType = text.plist.xml; path = Info.plist; sourceTree = "<group>"; };
/* End PBXFileReference section */

/* Begin PBXFrameworksBuildPhase section */
		ECA8B1B824E669C900FC859F /* Frameworks */ = {
			isa = PBXFrameworksBuildPhase;
			buildActionMask = 2147483647;
			files = (
			);
			runOnlyForDeploymentPostprocessing = 0;
		};
/* End PBXFrameworksBuildPhase section */

/* Begin PBXGroup section */
		ECA8B1B224E669C900FC859F = {
			isa = PBXGroup;
			children = (
				ECA8B1BD24E669C900FC859F /* FlowExample001 */,
				ECA8B1BC24E669C900FC859F /* Products */,
			);
			sourceTree = "<group>";
		};
		ECA8B1BC24E669C900FC859F /* Products */ = {
			isa = PBXGroup;
			children = (
				ECA8B1BB24E669C900FC859F /* FlowExample001.app */,
			);
			name = Products;
			sourceTree = "<group>";
		};
		ECA8B1BD24E669C900FC859F /* FlowExample001 */ = {
			isa = PBXGroup;
			children = (
				ECA8B1BE24E669C900FC859F /* AppDelegate.swift */,
				ECA8B1C024E669C900FC859F /* SceneDelegate.swift */,
				ECA8B1C224E669C900FC859F /* ViewController.swift */,
				ECA8B1C424E669C900FC859F /* Main.storyboard */,
				ECA8B1C724E669CA00FC859F /* Assets.xcassets */,
				ECA8B1C924E669CA00FC859F /* LaunchScreen.storyboard */,
				ECA8B1CC24E669CB00FC859F /* Info.plist */,
			);
			path = FlowExample001;
			sourceTree = "<group>";
		};
/* End PBXGroup section */

/* Begin PBXNativeTarget section */
		ECA8B1BA24E669C900FC859F /* FlowExample001 */ = {
			isa = PBXNativeTarget;
			buildConfigurationList = ECA8B1CF24E669CB00FC859F /* Build configuration list for PBXNativeTarget "FlowExample001" */;
			buildPhases = (
				ECA8B1B724E669C900FC859F /* Sources */,
				ECA8B1B824E669C900FC859F /* Frameworks */,
				ECA8B1B924E669C900FC859F /* Resources */,
			);
			buildRules = (
			);
			dependencies = (
			);
			name = FlowExample001;
			productName = FlowExample001;
			productReference = ECA8B1BB24E669C900FC859F /* FlowExample001.app */;
			productType = "com.apple.product-type.application";
		};
/* End PBXNativeTarget section */

/* Begin PBXProject section */
		ECA8B1B324E669C900FC859F /* Project object */ = {
			isa = PBXProject;
			attributes = {
				LastSwiftUpdateCheck = 1160;
				LastUpgradeCheck = 1160;
				ORGANIZATIONNAME = koiware;
				TargetAttributes = {
					ECA8B1BA24E669C900FC859F = {
						CreatedOnToolsVersion = 11.6;
					};
				};
			};
			buildConfigurationList = ECA8B1B624E669C900FC859F /* Build configuration list for PBXProject "FlowExample001" */;
			compatibilityVersion = "Xcode 9.3";
			developmentRegion = en;
			hasScannedForEncodings = 0;
			knownRegions = (
				en,
				Base,
			);
			mainGroup = ECA8B1B224E669C900FC859F;
			productRefGroup = ECA8B1BC24E669C900FC859F /* Products */;
			projectDirPath = "";
			projectRoot = "";
			targets = (
				ECA8B1BA24E669C900FC859F /* FlowExample001 */,
			);
		};
/* End PBXProject section */

/* Begin PBXResourcesBuildPhase section */
		ECA8B1B924E669C900FC859F /* Resources */ = {
			isa = PBXResourcesBuildPhase;
			buildActionMask = 2147483647;
			files = (
				ECA8B1CB24E669CA00FC859F /* LaunchScreen.storyboard in Resources */,
				ECA8B1C824E669CA00FC859F /* Assets.xcassets in Resources */,
				ECA8B1C624E669C900FC859F /* Main.storyboard in Resources */,
			);
			runOnlyForDeploymentPostprocessing = 0;
		};
/* End PBXResourcesBuildPhase section */

/* Begin PBXSourcesBuildPhase section */
		ECA8B1B724E669C900FC859F /* Sources */ = {
			isa = PBXSourcesBuildPhase;
			buildActionMask = 2147483647;
			files = (
				ECA8B1C324E669C900FC859F /* ViewController.swift in Sources */,
				ECA8B1BF24E669C900FC859F /* AppDelegate.swift in Sources */,
				ECA8B1C124E669C900FC859F /* SceneDelegate.swift in Sources */,
			);
			runOnlyForDeploymentPostprocessing = 0;
		};
/* End PBXSourcesBuildPhase section */

/* Begin PBXVariantGroup section */
		ECA8B1C424E669C900FC859F /* Main.storyboard */ = {
			isa = PBXVariantGroup;
			children = (
				ECA8B1C524E669C900FC859F /* Base */,
			);
			name = Main.storyboard;
			sourceTree = "<group>";
		};
		ECA8B1C924E669CA00FC859F /* LaunchScreen.storyboard */ = {
			isa = PBXVariantGroup;
			children = (
				ECA8B1CA24E669CA00FC859F /* Base */,
			);
			name = LaunchScreen.storyboard;
			sourceTree = "<group>";
		};
/* End PBXVariantGroup section */

/* Begin XCBuildConfiguration section */
		ECA8B1CD24E669CB00FC859F /* Debug */ = {
			isa = XCBuildConfiguration;
			buildSettings = {
				ALWAYS_SEARCH_USER_PATHS = NO;
				CLANG_ANALYZER_NONNULL = YES;
				CLANG_ANALYZER_NUMBER_OBJECT_CONVERSION = YES_AGGRESSIVE;
				CLANG_CXX_LANGUAGE_STANDARD = "gnu++14";
				CLANG_CXX_LIBRARY = "libc++";
				CLANG_ENABLE_MODULES = YES;
				CLANG_ENABLE_OBJC_ARC = YES;
				CLANG_ENABLE_OBJC_WEAK = YES;
				CLANG_WARN_BLOCK_CAPTURE_AUTORELEASING = YES;
				CLANG_WARN_BOOL_CONVERSION = YES;
				CLANG_WARN_COMMA = YES;
				CLANG_WARN_CONSTANT_CONVERSION = YES;
				CLANG_WARN_DEPRECATED_OBJC_IMPLEMENTATIONS = YES;
				CLANG_WARN_DIRECT_OBJC_ISA_USAGE = YES_ERROR;
				CLANG_WARN_DOCUMENTATION_COMMENTS = YES;
				CLANG_WARN_EMPTY_BODY = YES;
				CLANG_WARN_ENUM_CONVERSION = YES;
				CLANG_WARN_INFINITE_RECURSION = YES;
				CLANG_WARN_INT_CONVERSION = YES;
				CLANG_WARN_NON_LITERAL_NULL_CONVERSION = YES;
				CLANG_WARN_OBJC_IMPLICIT_RETAIN_SELF = YES;
				CLANG_WARN_OBJC_LITERAL_CONVERSION = YES;
				CLANG_WARN_OBJC_ROOT_CLASS = YES_ERROR;
				CLANG_WARN_RANGE_LOOP_ANALYSIS = YES;
				CLANG_WARN_STRICT_PROTOTYPES = YES;
				CLANG_WARN_SUSPICIOUS_MOVE = YES;
				CLANG_WARN_UNGUARDED_AVAILABILITY = YES_AGGRESSIVE;
				CLANG_WARN_UNREACHABLE_CODE = YES;
				CLANG_WARN__DUPLICATE_METHOD_MATCH = YES;
				COPY_PHASE_STRIP = NO;
				DEBUG_INFORMATION_FORMAT = dwarf;
				ENABLE_STRICT_OBJC_MSGSEND = YES;
				ENABLE_TESTABILITY = YES;
				GCC_C_LANGUAGE_STANDARD = gnu11;
				GCC_DYNAMIC_NO_PIC = NO;
				GCC_NO_COMMON_BLOCKS = YES;
				GCC_OPTIMIZATION_LEVEL = 0;
				GCC_PREPROCESSOR_DEFINITIONS = (
					"DEBUG=1",
					"$(inherited)",
				);
				GCC_WARN_64_TO_32_BIT_CONVERSION = YES;
				GCC_WARN_ABOUT_RETURN_TYPE = YES_ERROR;
				GCC_WARN_UNDECLARED_SELECTOR = YES;
				GCC_WARN_UNINITIALIZED_AUTOS = YES_AGGRESSIVE;
				GCC_WARN_UNUSED_FUNCTION = YES;
				GCC_WARN_UNUSED_VARIABLE = YES;
				IPHONEOS_DEPLOYMENT_TARGET = 13.6;
				MTL_ENABLE_DEBUG_INFO = INCLUDE_SOURCE;
				MTL_FAST_MATH = YES;
				ONLY_ACTIVE_ARCH = YES;
				SDKROOT = iphoneos;
				SWIFT_ACTIVE_COMPILATION_CONDITIONS = DEBUG;
				SWIFT_OPTIMIZATION_LEVEL = "-Onone";
			};
			name = Debug;
		};
		ECA8B1CE24E669CB00FC859F /* Release */ = {
			isa = XCBuildConfiguration;
			buildSettings = {
				ALWAYS_SEARCH_USER_PATHS = NO;
				CLANG_ANALYZER_NONNULL = YES;
				CLANG_ANALYZER_NUMBER_OBJECT_CONVERSION = YES_AGGRESSIVE;
				CLANG_CXX_LANGUAGE_STANDARD = "gnu++14";
				CLANG_CXX_LIBRARY = "libc++";
				CLANG_ENABLE_MODULES = YES;
				CLANG_ENABLE_OBJC_ARC = YES;
				CLANG_ENABLE_OBJC_WEAK = YES;
				CLANG_WARN_BLOCK_CAPTURE_AUTORELEASING = YES;
				CLANG_WARN_BOOL_CONVERSION = YES;
				CLANG_WARN_COMMA = YES;
				CLANG_WARN_CONSTANT_CONVERSION = YES;
				CLANG_WARN_DEPRECATED_OBJC_IMPLEMENTATIONS = YES;
				CLANG_WARN_DIRECT_OBJC_ISA_USAGE = YES_ERROR;
				CLANG_WARN_DOCUMENTATION_COMMENTS = YES;
				CLANG_WARN_EMPTY_BODY = YES;
				CLANG_WARN_ENUM_CONVERSION = YES;
				CLANG_WARN_INFINITE_RECURSION = YES;
				CLANG_WARN_INT_CONVERSION = YES;
				CLANG_WARN_NON_LITERAL_NULL_CONVERSION = YES;
				CLANG_WARN_OBJC_IMPLICIT_RETAIN_SELF = YES;
				CLANG_WARN_OBJC_LITERAL_CONVERSION = YES;
				CLANG_WARN_OBJC_ROOT_CLASS = YES_ERROR;
				CLANG_WARN_RANGE_LOOP_ANALYSIS = YES;
				CLANG_WARN_STRICT_PROTOTYPES = YES;
				CLANG_WARN_SUSPICIOUS_MOVE = YES;
				CLANG_WARN_UNGUARDED_AVAILABILITY = YES_AGGRESSIVE;
				CLANG_WARN_UNREACHABLE_CODE = YES;
				CLANG_WARN__DUPLICATE_METHOD_MATCH = YES;
				COPY_PHASE_STRIP = NO;
				DEBUG_INFORMATION_FORMAT = "dwarf-with-dsym";
				ENABLE_NS_ASSERTIONS = NO;
				ENABLE_STRICT_OBJC_MSGSEND = YES;
				GCC_C_LANGUAGE_STANDARD = gnu11;
				GCC_NO_COMMON_BLOCKS = YES;
				GCC_WARN_64_TO_32_BIT_CONVERSION = YES;
				GCC_WARN_ABOUT_RETURN_TYPE = YES_ERROR;
				GCC_WARN_UNDECLARED_SELECTOR = YES;
				GCC_WARN_UNINITIALIZED_AUTOS = YES_AGGRESSIVE;
				GCC_WARN_UNUSED_FUNCTION = YES;
				GCC_WARN_UNUSED_VARIABLE = YES;
				IPHONEOS_DEPLOYMENT_TARGET = 13.6;
				MTL_ENABLE_DEBUG_INFO = NO;
				MTL_FAST_MATH = YES;
				SDKROOT = iphoneos;
				SWIFT_COMPILATION_MODE = wholemodule;
				SWIFT_OPTIMIZATION_LEVEL = "-O";
				VALIDATE_PRODUCT = YES;
			};
			name = Release;
		};
		ECA8B1D024E669CB00FC859F /* Debug */ = {
			isa = XCBuildConfiguration;
			buildSettings = {
				ASSETCATALOG_COMPILER_APPICON_NAME = AppIcon;
				CODE_SIGN_STYLE = Automatic;
				DEVELOPMENT_TEAM = B7VL3T82J5;
				INFOPLIST_FILE = FlowExample001/Info.plist;
				LD_RUNPATH_SEARCH_PATHS = (
					"$(inherited)",
					"@executable_path/Frameworks",
				);
				PRODUCT_BUNDLE_IDENTIFIER = koiware.FlowExample001;
				PRODUCT_NAME = "$(TARGET_NAME)";
				SWIFT_VERSION = 5.0;
				TARGETED_DEVICE_FAMILY = "1,2";
			};
			name = Debug;
		};
		ECA8B1D124E669CB00FC859F /* Release */ = {
			isa = XCBuildConfiguration;
			buildSettings = {
				ASSETCATALOG_COMPILER_APPICON_NAME = AppIcon;
				CODE_SIGN_STYLE = Automatic;
				DEVELOPMENT_TEAM = B7VL3T82J5;
				INFOPLIST_FILE = FlowExample001/Info.plist;
				LD_RUNPATH_SEARCH_PATHS = (
					"$(inherited)",
					"@executable_path/Frameworks",
				);
				PRODUCT_BUNDLE_IDENTIFIER = koiware.FlowExample001;
				PRODUCT_NAME = "$(TARGET_NAME)";
				SWIFT_VERSION = 5.0;
				TARGETED_DEVICE_FAMILY = "1,2";
			};
			name = Release;
		};
/* End XCBuildConfiguration section */

/* Begin XCConfigurationList section */
		ECA8B1B624E669C900FC859F /* Build configuration list for PBXProject "FlowExample001" */ = {
			isa = XCConfigurationList;
			buildConfigurations = (
				ECA8B1CD24E669CB00FC859F /* Debug */,
				ECA8B1CE24E669CB00FC859F /* Release */,
			);
			defaultConfigurationIsVisible = 0;
			defaultConfigurationName = Release;
		};
		ECA8B1CF24E669CB00FC859F /* Build configuration list for PBXNativeTarget "FlowExample001" */ = {
			isa = XCConfigurationList;
			buildConfigurations = (
				ECA8B1D024E669CB00FC859F /* Debug */,
				ECA8B1D124E669CB00FC859F /* Release */,
			);
			defaultConfigurationIsVisible = 0;
			defaultConfigurationName = Release;
		};
/* End XCConfigurationList section */
	};
	rootObject = ECA8B1B324E669C900FC859F /* Project object */;
}
